
Microsoft Visual Studio Solution File, Format Version 12.00
# Visual Studio Version 17
VisualStudioVersion = 17.6.33829.357
MinimumVisualStudioVersion = 10.0.40219.1
Project("{FAE04EC0-301F-11D3-BF4B-00C04F79EFBC}") = "JissaAsyncDFDemo", "JissaAsyncDFDemo\JissaAsyncDFDemo.csproj", "{3885754B-2B77-4C2C-A9F3-61ACD99AA27B}"
EndProject
Global
	GlobalSection(SolutionConfigurationPlatforms) = preSolution
		Debug|Any CPU = Debug|Any CPU
		Release|Any CPU = Release|Any CPU
	EndGlobalSection
	GlobalSection(ProjectConfigurationPlatforms) = postSolution
		{3885754B-2B77-4C2C-A9F3-61ACD99AA27B}.Debug|Any CPU.ActiveCfg = Debug|Any CPU
		{3885754B-2B77-4C2C-A9F3-61ACD99AA27B}.Debug|Any CPU.Build.0 = Debug|Any CPU
		{3885754B-2B77-4C2C-A9F3-61ACD99AA27B}.Release|Any CPU.ActiveCfg = Release|Any CPU
		{3885754B-2B77-4C2C-A9F3-61ACD99AA27B}.Release|Any CPU.Build.0 = Release|Any CPU
	EndGlobalSection
	GlobalSection(SolutionProperties) = preSolution
		HideSolutionNode = FALSE
	EndGlobalSection
	GlobalSection(ExtensibilityGlobals) = postSolution
		SolutionGuid = {6D9E6089-06A6-4291-AC7B-6B954B500C41}
	EndGlobalSection
EndGlobal
